
Microsoft Visual Studio Solution File, Format Version 12.00
# Visual Studio Version 16
VisualStudioVersion = 16.0.30804.86
MinimumVisualStudioVersion = 10.0.40219.1
Project("{9A19103F-16F7-4668-BE54-9A1E7A4F7556}") = "TestProject", "TestProject.csproj", "{B5B1C5B1-2FA5-410D-B20C-A5D84E53DC5A}"
EndProject
Global
	GlobalSection(SolutionConfigurationPlatforms) = preSolution
		Debug|Any CPU = Debug|Any CPU
		Release|Any CPU = Release|Any CPU
	EndGlobalSection
	GlobalSection(ProjectConfigurationPlatforms) = postSolution
		{B5B1C5B1-2FA5-410D-B20C-A5D84E53DC5A}.Debug|Any CPU.ActiveCfg = Debug|Any CPU
		{B5B1C5B1-2FA5-410D-B20C-A5D84E53DC5A}.Debug|Any CPU.Build.0 = Debug|Any CPU
		{B5B1C5B1-2FA5-410D-B20C-A5D84E53DC5A}.Release|Any CPU.ActiveCfg = Release|Any CPU
		{B5B1C5B1-2FA5-410D-B20C-A5D84E53DC5A}.Release|Any CPU.Build.0 = Release|Any CPU
	EndGlobalSection
	GlobalSection(SolutionProperties) = preSolution
		HideSolutionNode = FALSE
	EndGlobalSection
	GlobalSection(ExtensibilityGlobals) = postSolution
		SolutionGuid = {8C48E68F-A0BD-4A4E-B810-E51ECD90ED3C}
	EndGlobalSection
EndGlobal
